
Microsoft Visual Studio Solution File, Format Version 12.00
# Visual Studio 15
VisualStudioVersion = 15.0.27428.2005
MinimumVisualStudioVersion = 10.0.40219.1
Project("{FAE04EC0-301F-11D3-BF4B-00C04F79EFBC}") = "SportsStore", "SportsStore\SportsStore.csproj", "{7E5DC4C6-82B6-4008-8A6F-D7F3A65481DD}"
EndProject
Global
	GlobalSection(SolutionConfigurationPlatforms) = preSolution
		Debug|Any CPU = Debug|Any CPU
		Release|Any CPU = Release|Any CPU
	EndGlobalSection
	GlobalSection(ProjectConfigurationPlatforms) = postSolution
		{7E5DC4C6-82B6-4008-8A6F-D7F3A65481DD}.Debug|Any CPU.ActiveCfg = Debug|Any CPU
		{7E5DC4C6-82B6-4008-8A6F-D7F3A65481DD}.Debug|Any CPU.Build.0 = Debug|Any CPU
		{7E5DC4C6-82B6-4008-8A6F-D7F3A65481DD}.Release|Any CPU.ActiveCfg = Release|Any CPU
		{7E5DC4C6-82B6-4008-8A6F-D7F3A65481DD}.Release|Any CPU.Build.0 = Release|Any CPU
	EndGlobalSection
	GlobalSection(SolutionProperties) = preSolution
		HideSolutionNode = FALSE
	EndGlobalSection
	GlobalSection(ExtensibilityGlobals) = postSolution
		SolutionGuid = {8B8DDF5D-50B6-4A86-B9C5-66717CD77028}
	EndGlobalSection
EndGlobal
